{
  "name": "common",
  "version": "1.0.0",
  "lockfileVersion": 3,
  "requires": true,
  "packages": {
    "": {
      "name": "common",
      "version": "1.0.0",
      "license": "ISC",
      "dependencies": {
        "zod": "^3.25.72"
      }
    },
    "node_modules/zod": {
      "version": "3.25.72",
      "resolved": "https://registry.npmjs.org/zod/-/zod-3.25.72.tgz",
      "integrity": "sha512-Cl+fe4dNL4XumOBNBsr0lHfA80PQiZXHI4xEMTEr8gt6aGz92t3lBA32e71j9+JeF/VAYvdfBnuwJs+BMx/BrA==",
      "license": "MIT",
      "funding": {
        "url": "https://github.com/sponsors/colinhacks"
      }
    }
  }
}
